<?xml version="1.0" encoding="utf-8"?>
<Project ToolsVersion="4.0" xmlns="http://schemas.microsoft.com/developer/msbuild/2003">
  <ItemGroup>
    <Filter Include="ソース ファイル">
      <UniqueIdentifier>{4FC737F1-C7A5-4376-A066-2A32D752A2FF}</UniqueIdentifier>
      <Extensions>cpp;c;cc;cxx;def;odl;idl;hpj;bat;asm;asmx</Extensions>
    </Filter>
    <Filter Include="game">
      <UniqueIdentifier>{01990a42-3022-48ed-9e16-577ebc86d621}</UniqueIdentifier>
    </Filter>
    <Filter Include="外部ヘッダ">
      <UniqueIdentifier>{93995380-89BD-4b04-88EB-625FBE52EBFB}</UniqueIdentifier>
      <Extensions>h;hpp;hxx;hm;inl;inc;xsd</Extensions>
    </Filter>
    <Filter Include="ヘッダ ファイル">
      <UniqueIdentifier>{67DA6AB6-F800-4c08-8B7A-83BB121AAD01}</UniqueIdentifier>
      <Extensions>rc;ico;cur;bmp;dlg;rc2;rct;bin;rgs;gif;jpg;jpeg;jpe;resx;tiff;tif;png;wav</Extensions>
    </Filter>
  </ItemGroup>
  <ItemGroup>
    <ClCompile Include="src\Color.c">
      <Filter>ソース ファイル</Filter>
    </ClCompile>
    <ClCompile Include="src\Fps.c">
      <Filter>ソース ファイル</Filter>
    </ClCompile>
    <ClCompile Include="src\Generic_GameLibrary.c">
      <Filter>ソース ファイル</Filter>
    </ClCompile>
    <ClCompile Include="src\Graphic.c">
      <Filter>ソース ファイル</Filter>
    </ClCompile>
    <ClCompile Include="src\Graphic2D.c">
      <Filter>ソース ファイル</Filter>
    </ClCompile>
    <ClCompile Include="src\Graphic3D.c">
      <Filter>ソース ファイル</Filter>
    </ClCompile>
    <ClCompile Include="src\Hit.c">
      <Filter>ソース ファイル</Filter>
    </ClCompile>
    <ClCompile Include="src\Image.c">
      <Filter>ソース ファイル</Filter>
    </ClCompile>
    <ClCompile Include="src\InputDevice.c">
      <Filter>ソース ファイル</Filter>
    </ClCompile>
    <ClCompile Include="src\Link.c">
      <Filter>ソース ファイル</Filter>
    </ClCompile>
    <ClCompile Include="src\MainSystem.c">
      <Filter>ソース ファイル</Filter>
    </ClCompile>
    <ClCompile Include="src\Matrix.c">
      <Filter>ソース ファイル</Filter>
    </ClCompile>
    <ClCompile Include="src\MemoryAllocate.c">
      <Filter>ソース ファイル</Filter>
    </ClCompile>
    <ClCompile Include="src\Model.c">
      <Filter>ソース ファイル</Filter>
    </ClCompile>
    <ClCompile Include="src\MultiThread.c">
      <Filter>ソース ファイル</Filter>
    </ClCompile>
    <ClCompile Include="src\NetworkSystem.c">
      <Filter>ソース ファイル</Filter>
    </ClCompile>
    <ClCompile Include="src\OtherFunction.c">
      <Filter>ソース ファイル</Filter>
    </ClCompile>
    <ClCompile Include="src\Rectangle.c">
      <Filter>ソース ファイル</Filter>
    </ClCompile>
    <ClCompile Include="main.c">
      <Filter>game</Filter>
    </ClCompile>
    <ClCompile Include="me\Player.c">
      <Filter>game</Filter>
    </ClCompile>
    <ClCompile Include="src\LinkList.c">
      <Filter>ソース ファイル</Filter>
    </ClCompile>
    <ClCompile Include="src\SocketList.c">
      <Filter>ソース ファイル</Filter>
    </ClCompile>
  </ItemGroup>
  <ItemGroup>
    <ClInclude Include="glew.h">
      <Filter>外部ヘッダ</Filter>
    </ClInclude>
    <ClInclude Include="glext.h">
      <Filter>外部ヘッダ</Filter>
    </ClInclude>
    <ClInclude Include="glut.h">
      <Filter>外部ヘッダ</Filter>
    </ClInclude>
    <ClInclude Include="glxew.h">
      <Filter>外部ヘッダ</Filter>
    </ClInclude>
    <ClInclude Include="png.h">
      <Filter>外部ヘッダ</Filter>
    </ClInclude>
    <ClInclude Include="pngconf.h">
      <Filter>外部ヘッダ</Filter>
    </ClInclude>
    <ClInclude Include="pnglibconf.h">
      <Filter>外部ヘッダ</Filter>
    </ClInclude>
    <ClInclude Include="wglew.h">
      <Filter>外部ヘッダ</Filter>
    </ClInclude>
    <ClInclude Include="zconf.h">
      <Filter>外部ヘッダ</Filter>
    </ClInclude>
    <ClInclude Include="zlib.h">
      <Filter>外部ヘッダ</Filter>
    </ClInclude>
    <ClInclude Include="src\Debug.h">
      <Filter>ヘッダ ファイル</Filter>
    </ClInclude>
    <ClInclude Include="src\Definition.h">
      <Filter>ヘッダ ファイル</Filter>
    </ClInclude>
    <ClInclude Include="src\Generic_GameLibrary.h">
      <Filter>ヘッダ ファイル</Filter>
    </ClInclude>
    <ClInclude Include="src\Graphic.h">
      <Filter>ヘッダ ファイル</Filter>
    </ClInclude>
    <ClInclude Include="src\Hit.h">
      <Filter>ヘッダ ファイル</Filter>
    </ClInclude>
    <ClInclude Include="src\InputDevice.h">
      <Filter>ヘッダ ファイル</Filter>
    </ClInclude>
    <ClInclude Include="src\Keys.h">
      <Filter>ヘッダ ファイル</Filter>
    </ClInclude>
    <ClInclude Include="src\Link.h">
      <Filter>ヘッダ ファイル</Filter>
    </ClInclude>
    <ClInclude Include="src\LinkList.h">
      <Filter>ヘッダ ファイル</Filter>
    </ClInclude>
    <ClInclude Include="src\LinkPriority.h">
      <Filter>ヘッダ ファイル</Filter>
    </ClInclude>
    <ClInclude Include="src\LinkStatus.h">
      <Filter>ヘッダ ファイル</Filter>
    </ClInclude>
    <ClInclude Include="src\Vector2.h">
      <Filter>ヘッダ ファイル</Filter>
    </ClInclude>
    <ClInclude Include="src\Vector2d.h">
      <Filter>ヘッダ ファイル</Filter>
    </ClInclude>
    <ClInclude Include="src\Vector2f.h">
      <Filter>ヘッダ ファイル</Filter>
    </ClInclude>
    <ClInclude Include="src\Vector2i.h">
      <Filter>ヘッダ ファイル</Filter>
    </ClInclude>
    <ClInclude Include="src\Vector3d.h">
      <Filter>ヘッダ ファイル</Filter>
    </ClInclude>
    <ClInclude Include="src\Vector3f.h">
      <Filter>ヘッダ ファイル</Filter>
    </ClInclude>
    <ClInclude Include="src\Vector3i.h">
      <Filter>ヘッダ ファイル</Filter>
    </ClInclude>
    <ClInclude Include="src\Vector4d.h">
      <Filter>ヘッダ ファイル</Filter>
    </ClInclude>
    <ClInclude Include="src\Vector4f.h">
      <Filter>ヘッダ ファイル</Filter>
    </ClInclude>
    <ClInclude Include="src\Vector4i.h">
      <Filter>ヘッダ ファイル</Filter>
    </ClInclude>
    <ClInclude Include="me\Player.h">
      <Filter>game</Filter>
    </ClInclude>
    <ClInclude Include="src\Fps.h">
      <Filter>ヘッダ ファイル</Filter>
    </ClInclude>
    <ClInclude Include="src\Image.h">
      <Filter>ヘッダ ファイル</Filter>
    </ClInclude>
    <ClInclude Include="src\Color.h">
      <Filter>ヘッダ ファイル</Filter>
    </ClInclude>
    <ClInclude Include="src\Rectangle.h">
      <Filter>ヘッダ ファイル</Filter>
    </ClInclude>
    <ClInclude Include="src\Matrix3x3.h">
      <Filter>ヘッダ ファイル</Filter>
    </ClInclude>
    <ClInclude Include="src\Matrix4x4.h">
      <Filter>ヘッダ ファイル</Filter>
    </ClInclude>
    <ClInclude Include="src\Memory.h">
      <Filter>ヘッダ ファイル</Filter>
    </ClInclude>
    <ClInclude Include="src\MemoryList.h">
      <Filter>ヘッダ ファイル</Filter>
    </ClInclude>
    <ClInclude Include="src\MaterialList.h">
      <Filter>ヘッダ ファイル</Filter>
    </ClInclude>
    <ClInclude Include="src\PolygonFace.h">
      <Filter>ヘッダ ファイル</Filter>
    </ClInclude>
    <ClInclude Include="src\Vertex.h">
      <Filter>ヘッダ ファイル</Filter>
    </ClInclude>
    <ClInclude Include="src\Vector3.h">
      <Filter>ヘッダ ファイル</Filter>
    </ClInclude>
    <ClInclude Include="src\Vector4.h">
      <Filter>ヘッダ ファイル</Filter>
    </ClInclude>
    <ClInclude Include="src\Network.h">
      <Filter>ヘッダ ファイル</Filter>
    </ClInclude>
    <ClInclude Include="src\Socket.h">
      <Filter>ヘッダ ファイル</Filter>
    </ClInclude>
    <ClInclude Include="src\SocketList.h">
      <Filter>ヘッダ ファイル</Filter>
    </ClInclude>
  </ItemGroup>
</Project>